{
  "version": 4,
  "terraform_version": "0.14.5",
  "serial": 15,
  "lineage": "0e0e2a76-0e24-7c32-9dba-07954caa29c6",
  "outputs": {
    "vpc-name": {
      "value": "10.0.0.0/16",
      "type": "string"
    }
  },
  "resources": [
    {
      "mode": "managed",
      "type": "aws_vpc",
      "name": "example",
      "provider": "provider[\"registry.terraform.io/hashicorp/aws\"]",
      "instances": [
        {
          "schema_version": 1,
          "attributes": {
            "arn": "arn:aws:ec2:ca-central-1:827453135675:vpc/vpc-07b04ff862ff944a0",
            "assign_generated_ipv6_cidr_block": false,
            "cidr_block": "10.0.0.0/16",
            "default_network_acl_id": "acl-0648c484da9657897",
            "default_route_table_id": "rtb-0ab57ae429ede7f8c",
            "default_security_group_id": "sg-0b1120f5b4b5134f1",
            "dhcp_options_id": "dopt-baf1ecd2",
            "enable_classiclink": null,
            "enable_classiclink_dns_support": null,
            "enable_dns_hostnames": false,
            "enable_dns_support": true,
            "id": "vpc-07b04ff862ff944a0",
            "instance_tenancy": "default",
            "ipv6_association_id": "",
            "ipv6_cidr_block": "",
            "main_route_table_id": "rtb-0ab57ae429ede7f8c",
            "owner_id": "827453135675",
            "tags": null,
            "tags_all": {}
          },
          "sensitive_attributes": [],
          "private": "eyJzY2hlbWFfdmVyc2lvbiI6IjEifQ=="
        }
      ]
    }
  ]
}
